
Microsoft Visual Studio Solution File, Format Version 12.00
# Visual Studio Version 17
VisualStudioVersion = 17.2.32602.215
MinimumVisualStudioVersion = 10.0.40219.1
Project("{FAE04EC0-301F-11D3-BF4B-00C04F79EFBC}") = "TestRougamo", "TestRougamo\TestRougamo.csproj", "{C484322A-F21E-41C8-9CCD-C5C5931B05B8}"
EndProject
Project("{9A19103F-16F7-4668-BE54-9A1E7A4F7556}") = "Rougamo.Logging", "Rougamo.Logging\Rougamo.Logging.csproj", "{359AE627-A6E0-45FF-88FE-7DE674E24CDB}"
EndProject
Global
	GlobalSection(SolutionConfigurationPlatforms) = preSolution
		Debug|Any CPU = Debug|Any CPU
		Release|Any CPU = Release|Any CPU
	EndGlobalSection
	GlobalSection(ProjectConfigurationPlatforms) = postSolution
		{C484322A-F21E-41C8-9CCD-C5C5931B05B8}.Debug|Any CPU.ActiveCfg = Debug|Any CPU
		{C484322A-F21E-41C8-9CCD-C5C5931B05B8}.Debug|Any CPU.Build.0 = Debug|Any CPU
		{C484322A-F21E-41C8-9CCD-C5C5931B05B8}.Release|Any CPU.ActiveCfg = Release|Any CPU
		{C484322A-F21E-41C8-9CCD-C5C5931B05B8}.Release|Any CPU.Build.0 = Release|Any CPU
		{359AE627-A6E0-45FF-88FE-7DE674E24CDB}.Debug|Any CPU.ActiveCfg = Debug|Any CPU
		{359AE627-A6E0-45FF-88FE-7DE674E24CDB}.Debug|Any CPU.Build.0 = Debug|Any CPU
		{359AE627-A6E0-45FF-88FE-7DE674E24CDB}.Release|Any CPU.ActiveCfg = Release|Any CPU
		{359AE627-A6E0-45FF-88FE-7DE674E24CDB}.Release|Any CPU.Build.0 = Release|Any CPU
	EndGlobalSection
	GlobalSection(SolutionProperties) = preSolution
		HideSolutionNode = FALSE
	EndGlobalSection
	GlobalSection(ExtensibilityGlobals) = postSolution
		SolutionGuid = {C0FF9C93-D451-4237-A6F6-5BAADFD1F5F9}
	EndGlobalSection
EndGlobal
